github.com/issue9/assert/v5 v5.0.0 h1:Wii6hVeJGtYJwFzfvMbz6pxESV2pg2URvwkWoR0xSec=
github.com/issue9/assert/v5 v5.0.0/go.mod h1:JqsxtACdhRx1QhpUzH/kweZQe3bmCNvYVJPgu0qDrM0=
github.com/issue9/errwrap v0.4.0 h1:tU2s1vsH6L+1oSWhsHt7oH+8pxEmyOw4lqB/lylKOPQ=
github.com/issue9/errwrap v0.4.0/go.mod h1:L3dqdeTN+L/Uv9VW/QPsQLq61/xsnM4yZ1taj/gAxXE=
golang.org/x/mod v0.34.0 h1:xIHgNUUnW6sYkcM5Jleh05DvLOtwc6RitGHbDk4akRI=
golang.org/x/mod v0.34.0/go.mod h1:ykgH52iCZe79kzLLMhyCUzhMci+nQj+0XkbXpNYtVjY=
